
Microsoft Visual Studio Solution File, Format Version 12.00
# Visual Studio Version 16
VisualStudioVersion = 16.0.30225.117
MinimumVisualStudioVersion = 10.0.40219.1
Project("{FAE04EC0-301F-11D3-BF4B-00C04F79EFBC}") = "StudentInfo", "StudentInfo.csproj", "{B8904EE7-46B8-47AF-ABF8-9CE79A8E0F7E}"
EndProject
Global
	GlobalSection(SolutionConfigurationPlatforms) = preSolution
		Debug|Any CPU = Debug|Any CPU
		Release|Any CPU = Release|Any CPU
	EndGlobalSection
	GlobalSection(ProjectConfigurationPlatforms) = postSolution
		{B8904EE7-46B8-47AF-ABF8-9CE79A8E0F7E}.Debug|Any CPU.ActiveCfg = Debug|Any CPU
		{B8904EE7-46B8-47AF-ABF8-9CE79A8E0F7E}.Debug|Any CPU.Build.0 = Debug|Any CPU
		{B8904EE7-46B8-47AF-ABF8-9CE79A8E0F7E}.Release|Any CPU.ActiveCfg = Release|Any CPU
		{B8904EE7-46B8-47AF-ABF8-9CE79A8E0F7E}.Release|Any CPU.Build.0 = Release|Any CPU
	EndGlobalSection
	GlobalSection(SolutionProperties) = preSolution
		HideSolutionNode = FALSE
	EndGlobalSection
	GlobalSection(ExtensibilityGlobals) = postSolution
		SolutionGuid = {A2B3C882-38D3-49F1-9BB2-36C20F85BC30}
	EndGlobalSection
EndGlobal
