
Microsoft Visual Studio Solution File, Format Version 12.00
# Visual Studio Version 16
VisualStudioVersion = 16.0.30225.117
MinimumVisualStudioVersion = 10.0.40219.1
Project("{FAE04EC0-301F-11D3-BF4B-00C04F79EFBC}") = "01.WorldTour", "02.ProgFundFinalExam\01.WorldTour.csproj", "{50729AE9-EC34-4FD3-852E-F544A0BC1F0F}"
EndProject
Project("{FAE04EC0-301F-11D3-BF4B-00C04F79EFBC}") = "03.PlantDiscovery", "03.PlantDiscovery\03.PlantDiscovery.csproj", "{7981BC46-657C-4249-90F2-EE0FB861457F}"
EndProject
Project("{FAE04EC0-301F-11D3-BF4B-00C04F79EFBC}") = "02.DestinationMapper", "02.DestinationMapper\02.DestinationMapper.csproj", "{730DD484-2633-4828-9CAE-DF4DE6ABAD72}"
EndProject
Project("{FAE04EC0-301F-11D3-BF4B-00C04F79EFBC}") = "fromOtherExam", "fromOtherExam\fromOtherExam.csproj", "{75F9E5EB-DB6F-4D0E-B189-8B4A93AA83B7}"
EndProject
Project("{FAE04EC0-301F-11D3-BF4B-00C04F79EFBC}") = "01.ProgFundFinalExam", "01.ProgFundFinalExam\01.ProgFundFinalExam.csproj", "{62CB7B38-22B3-42A8-BB6D-E229468A2BF8}"
EndProject
Global
	GlobalSection(SolutionConfigurationPlatforms) = preSolution
		Debug|Any CPU = Debug|Any CPU
		Release|Any CPU = Release|Any CPU
	EndGlobalSection
	GlobalSection(ProjectConfigurationPlatforms) = postSolution
		{50729AE9-EC34-4FD3-852E-F544A0BC1F0F}.Debug|Any CPU.ActiveCfg = Debug|Any CPU
		{50729AE9-EC34-4FD3-852E-F544A0BC1F0F}.Debug|Any CPU.Build.0 = Debug|Any CPU
		{50729AE9-EC34-4FD3-852E-F544A0BC1F0F}.Release|Any CPU.ActiveCfg = Release|Any CPU
		{50729AE9-EC34-4FD3-852E-F544A0BC1F0F}.Release|Any CPU.Build.0 = Release|Any CPU
		{7981BC46-657C-4249-90F2-EE0FB861457F}.Debug|Any CPU.ActiveCfg = Debug|Any CPU
		{7981BC46-657C-4249-90F2-EE0FB861457F}.Debug|Any CPU.Build.0 = Debug|Any CPU
		{7981BC46-657C-4249-90F2-EE0FB861457F}.Release|Any CPU.ActiveCfg = Release|Any CPU
		{7981BC46-657C-4249-90F2-EE0FB861457F}.Release|Any CPU.Build.0 = Release|Any CPU
		{730DD484-2633-4828-9CAE-DF4DE6ABAD72}.Debug|Any CPU.ActiveCfg = Debug|Any CPU
		{730DD484-2633-4828-9CAE-DF4DE6ABAD72}.Debug|Any CPU.Build.0 = Debug|Any CPU
		{730DD484-2633-4828-9CAE-DF4DE6ABAD72}.Release|Any CPU.ActiveCfg = Release|Any CPU
		{730DD484-2633-4828-9CAE-DF4DE6ABAD72}.Release|Any CPU.Build.0 = Release|Any CPU
		{75F9E5EB-DB6F-4D0E-B189-8B4A93AA83B7}.Debug|Any CPU.ActiveCfg = Debug|Any CPU
		{75F9E5EB-DB6F-4D0E-B189-8B4A93AA83B7}.Debug|Any CPU.Build.0 = Debug|Any CPU
		{75F9E5EB-DB6F-4D0E-B189-8B4A93AA83B7}.Release|Any CPU.ActiveCfg = Release|Any CPU
		{75F9E5EB-DB6F-4D0E-B189-8B4A93AA83B7}.Release|Any CPU.Build.0 = Release|Any CPU
		{62CB7B38-22B3-42A8-BB6D-E229468A2BF8}.Debug|Any CPU.ActiveCfg = Debug|Any CPU
		{62CB7B38-22B3-42A8-BB6D-E229468A2BF8}.Debug|Any CPU.Build.0 = Debug|Any CPU
		{62CB7B38-22B3-42A8-BB6D-E229468A2BF8}.Release|Any CPU.ActiveCfg = Release|Any CPU
		{62CB7B38-22B3-42A8-BB6D-E229468A2BF8}.Release|Any CPU.Build.0 = Release|Any CPU
	EndGlobalSection
	GlobalSection(SolutionProperties) = preSolution
		HideSolutionNode = FALSE
	EndGlobalSection
	GlobalSection(ExtensibilityGlobals) = postSolution
		SolutionGuid = {686C5262-A60D-4659-B668-A899D45EEAED}
	EndGlobalSection
EndGlobal
